// !$*UTF8*$!
{
	archiveVersion = 1;
	classes = {
	};
	objectVersion = 46;
	objects = {

/* Begin PBXBuildFile section */
		4F14EEE716B0007100A25F35 /* NearbyTableViewController.m in Sources */ = {isa = PBXBuildFile; fileRef = 4F14EEE616B0007100A25F35 /* NearbyTableViewController.m */; };
		4F7E95E516CBAF8400C12A57 /* fb-login-button.png in Resources */ = {isa = PBXBuildFile; fileRef = 4F7E95E316CBAF8400C12A57 /* fb-login-button.png */; };
		4F7E95E616CBAF8400C12A57 /* fb-login-button@2x.png in Resources */ = {isa = PBXBuildFile; fileRef = 4F7E95E416CBAF8400C12A57 /* fb-login-button@2x.png */; };
		4F98554316B6984D00C35905 /* CoreLocation.framework in Frameworks */ = {isa = PBXBuildFile; fileRef = 4F98554216B6984D00C35905 /* CoreLocation.framework */; };
		4FC416E716C90673000E54EE /* BootstrapViewController.m in Sources */ = {isa = PBXBuildFile; fileRef = 4FC416E616C90673000E54EE /* BootstrapViewController.m */; };
		4FD2380B16BABEBA00803C0F /* LoginViewController.m in Sources */ = {isa = PBXBuildFile; fileRef = 4FD2380A16BABEBA00803C0F /* LoginViewController.m */; };
		4FE4AEFC16A95080006E2915 /* UIKit.framework in Frameworks */ = {isa = PBXBuildFile; fileRef = 4FE4AEFB16A95080006E2915 /* UIKit.framework */; };
		4FE4AEFE16A95080006E2915 /* Foundation.framework in Frameworks */ = {isa = PBXBuildFile; fileRef = 4FE4AEFD16A95080006E2915 /* Foundation.framework */; };
		4FE4AF0016A95080006E2915 /* CoreGraphics.framework in Frameworks */ = {isa = PBXBuildFile; fileRef = 4FE4AEFF16A95080006E2915 /* CoreGraphics.framework */; };
		4FE4AF0616A95080006E2915 /* InfoPlist.strings in Resources */ = {isa = PBXBuildFile; fileRef = 4FE4AF0416A95080006E2915 /* InfoPlist.strings */; };
		4FE4AF0816A95080006E2915 /* main.m in Sources */ = {isa = PBXBuildFile; fileRef = 4FE4AF0716A95080006E2915 /* main.m */; };
		4FE4AF0C16A95080006E2915 /* AppDelegate.m in Sources */ = {isa = PBXBuildFile; fileRef = 4FE4AF0B16A95080006E2915 /* AppDelegate.m */; };
		4FE4AF0E16A95080006E2915 /* Default.png in Resources */ = {isa = PBXBuildFile; fileRef = 4FE4AF0D16A95080006E2915 /* Default.png */; };
		4FE4AF1016A95080006E2915 /* Default@2x.png in Resources */ = {isa = PBXBuildFile; fileRef = 4FE4AF0F16A95080006E2915 /* Default@2x.png */; };
		4FE4AF1216A95080006E2915 /* Default-568h@2x.png in Resources */ = {isa = PBXBuildFile; fileRef = 4FE4AF1116A95080006E2915 /* Default-568h@2x.png */; };
		4FE4AF1516A95080006E2915 /* MainStoryboard.storyboard in Resources */ = {isa = PBXBuildFile; fileRef = 4FE4AF1316A95080006E2915 /* MainStoryboard.storyboard */; };
		4FE4AF2016A95080006E2915 /* SenTestingKit.framework in Frameworks */ = {isa = PBXBuildFile; fileRef = 4FE4AF1F16A95080006E2915 /* SenTestingKit.framework */; };
		4FE4AF2116A95080006E2915 /* UIKit.framework in Frameworks */ = {isa = PBXBuildFile; fileRef = 4FE4AEFB16A95080006E2915 /* UIKit.framework */; };
		4FE4AF2216A95080006E2915 /* Foundation.framework in Frameworks */ = {isa = PBXBuildFile; fileRef = 4FE4AEFD16A95080006E2915 /* Foundation.framework */; };
		4FE4AF2A16A95080006E2915 /* InfoPlist.strings in Resources */ = {isa = PBXBuildFile; fileRef = 4FE4AF2816A95080006E2915 /* InfoPlist.strings */; };
		4FE4AF2D16A95080006E2915 /* ambientTests.m in Sources */ = {isa = PBXBuildFile; fileRef = 4FE4AF2C16A95080006E2915 /* ambientTests.m */; };
		C4AC239593DD4058FAB34BA7 /* Constants.h in Resources */ = {isa = PBXBuildFile; fileRef = C4AC24D5308376184A3B0F61 /* Constants.h */; };
		C4AC2B5EE50087BBB4F29B61 /* FBLoginService.m in Sources */ = {isa = PBXBuildFile; fileRef = C4AC2A51112ADEF1B7DB1501 /* FBLoginService.m */; };
		C4AC2DBFCCE245446165FE5E /* UserService.m in Sources */ = {isa = PBXBuildFile; fileRef = C4AC2771EAA53666A241859D /* UserService.m */; };
		C4AC2FCF613906B5F73D7D7C /* NSError+NSErrorExtensions.m in Sources */ = {isa = PBXBuildFile; fileRef = C4AC2677E78CAE36D9A7B7CD /* NSError+NSErrorExtensions.m */; };
		D0CFD9E791E8450CAE0F1BA8 /* libPods.a in Frameworks */ = {isa = PBXBuildFile; fileRef = B29B421EA5084931B85AF145 /* libPods.a */; };
/* End PBXBuildFile section */

/* Begin PBXContainerItemProxy section */
		4FE4AF2316A95080006E2915 /* PBXContainerItemProxy */ = {
			isa = PBXContainerItemProxy;
			containerPortal = 4FE4AEEE16A95080006E2915 /* Project object */;
			proxyType = 1;
			remoteGlobalIDString = 4FE4AEF616A95080006E2915;
			remoteInfo = ambient;
		};
/* End PBXContainerItemProxy section */

/* Begin PBXFileReference section */
		4F14EEE516B0007100A25F35 /* NearbyTableViewController.h */ = {isa = PBXFileReference; fileEncoding = 4; lastKnownFileType = sourcecode.c.h; path = NearbyTableViewController.h; sourceTree = "<group>"; };
		4F14EEE616B0007100A25F35 /* NearbyTableViewController.m */ = {isa = PBXFileReference; fileEncoding = 4; lastKnownFileType = sourcecode.c.objc; path = NearbyTableViewController.m; sourceTree = "<group>"; };
		4F7E95E316CBAF8400C12A57 /* fb-login-button.png */ = {isa = PBXFileReference; lastKnownFileType = image.png; path = "fb-login-button.png"; sourceTree = "<group>"; };
		4F7E95E416CBAF8400C12A57 /* fb-login-button@2x.png */ = {isa = PBXFileReference; lastKnownFileType = image.png; path = "fb-login-button@2x.png"; sourceTree = "<group>"; };
		4F98554216B6984D00C35905 /* CoreLocation.framework */ = {isa = PBXFileReference; lastKnownFileType = wrapper.framework; name = CoreLocation.framework; path = System/Library/Frameworks/CoreLocation.framework; sourceTree = SDKROOT; };
		4FC416E516C90673000E54EE /* BootstrapViewController.h */ = {isa = PBXFileReference; fileEncoding = 4; lastKnownFileType = sourcecode.c.h; path = BootstrapViewController.h; sourceTree = "<group>"; };
		4FC416E616C90673000E54EE /* BootstrapViewController.m */ = {isa = PBXFileReference; fileEncoding = 4; lastKnownFileType = sourcecode.c.objc; path = BootstrapViewController.m; sourceTree = "<group>"; };
		4FD2380916BABEBA00803C0F /* LoginViewController.h */ = {isa = PBXFileReference; fileEncoding = 4; lastKnownFileType = sourcecode.c.h; path = LoginViewController.h; sourceTree = "<group>"; };
		4FD2380A16BABEBA00803C0F /* LoginViewController.m */ = {isa = PBXFileReference; fileEncoding = 4; lastKnownFileType = sourcecode.c.objc; path = LoginViewController.m; sourceTree = "<group>"; };
		4FE4AEF716A95080006E2915 /* ambient.app */ = {isa = PBXFileReference; explicitFileType = wrapper.application; includeInIndex = 0; path = ambient.app; sourceTree = BUILT_PRODUCTS_DIR; };
		4FE4AEFB16A95080006E2915 /* UIKit.framework */ = {isa = PBXFileReference; lastKnownFileType = wrapper.framework; name = UIKit.framework; path = System/Library/Frameworks/UIKit.framework; sourceTree = SDKROOT; };
		4FE4AEFD16A95080006E2915 /* Foundation.framework */ = {isa = PBXFileReference; lastKnownFileType = wrapper.framework; name = Foundation.framework; path = System/Library/Frameworks/Foundation.framework; sourceTree = SDKROOT; };
		4FE4AEFF16A95080006E2915 /* CoreGraphics.framework */ = {isa = PBXFileReference; lastKnownFileType = wrapper.framework; name = CoreGraphics.framework; path = System/Library/Frameworks/CoreGraphics.framework; sourceTree = SDKROOT; };
		4FE4AF0316A95080006E2915 /* ambient-Info.plist */ = {isa = PBXFileReference; lastKnownFileType = text.plist.xml; path = "ambient-Info.plist"; sourceTree = "<group>"; };
		4FE4AF0516A95080006E2915 /* en */ = {isa = PBXFileReference; lastKnownFileType = text.plist.strings; name = en; path = en.lproj/InfoPlist.strings; sourceTree = "<group>"; };
		4FE4AF0716A95080006E2915 /* main.m */ = {isa = PBXFileReference; lastKnownFileType = sourcecode.c.objc; path = main.m; sourceTree = "<group>"; };
		4FE4AF0916A95080006E2915 /* ambient-Prefix.pch */ = {isa = PBXFileReference; lastKnownFileType = sourcecode.c.h; path = "ambient-Prefix.pch"; sourceTree = "<group>"; };
		4FE4AF0A16A95080006E2915 /* AppDelegate.h */ = {isa = PBXFileReference; lastKnownFileType = sourcecode.c.h; path = AppDelegate.h; sourceTree = "<group>"; };
		4FE4AF0B16A95080006E2915 /* AppDelegate.m */ = {isa = PBXFileReference; lastKnownFileType = sourcecode.c.objc; path = AppDelegate.m; sourceTree = "<group>"; };
		4FE4AF0D16A95080006E2915 /* Default.png */ = {isa = PBXFileReference; lastKnownFileType = image.png; path = Default.png; sourceTree = "<group>"; };
		4FE4AF0F16A95080006E2915 /* Default@2x.png */ = {isa = PBXFileReference; lastKnownFileType = image.png; path = "Default@2x.png"; sourceTree = "<group>"; };
		4FE4AF1116A95080006E2915 /* Default-568h@2x.png */ = {isa = PBXFileReference; lastKnownFileType = image.png; path = "Default-568h@2x.png"; sourceTree = "<group>"; };
		4FE4AF1416A95080006E2915 /* XMainStoryboard.storyboard */ = {isa = PBXFileReference; lastKnownFileType = file.storyboard; name = XMainStoryboard.storyboard; path = en.lproj/MainStoryboard.storyboard; sourceTree = "<group>"; };
		4FE4AF1E16A95080006E2915 /* ambientTests.octest */ = {isa = PBXFileReference; explicitFileType = wrapper.cfbundle; includeInIndex = 0; path = ambientTests.octest; sourceTree = BUILT_PRODUCTS_DIR; };
		4FE4AF1F16A95080006E2915 /* SenTestingKit.framework */ = {isa = PBXFileReference; lastKnownFileType = wrapper.framework; name = SenTestingKit.framework; path = Library/Frameworks/SenTestingKit.framework; sourceTree = DEVELOPER_DIR; };
		4FE4AF2716A95080006E2915 /* ambientTests-Info.plist */ = {isa = PBXFileReference; lastKnownFileType = text.plist.xml; path = "ambientTests-Info.plist"; sourceTree = "<group>"; };
		4FE4AF2916A95080006E2915 /* en */ = {isa = PBXFileReference; lastKnownFileType = text.plist.strings; name = en; path = en.lproj/InfoPlist.strings; sourceTree = "<group>"; };
		4FE4AF2B16A95080006E2915 /* ambientTests.h */ = {isa = PBXFileReference; lastKnownFileType = sourcecode.c.h; path = ambientTests.h; sourceTree = "<group>"; };
		4FE4AF2C16A95080006E2915 /* ambientTests.m */ = {isa = PBXFileReference; lastKnownFileType = sourcecode.c.objc; path = ambientTests.m; sourceTree = "<group>"; };
		B29B421EA5084931B85AF145 /* libPods.a */ = {isa = PBXFileReference; explicitFileType = archive.ar; includeInIndex = 0; path = libPods.a; sourceTree = BUILT_PRODUCTS_DIR; };
		C4AC20EC5F5456FFC644E2C0 /* NSError+NSErrorExtensions.h */ = {isa = PBXFileReference; fileEncoding = 4; lastKnownFileType = sourcecode.c.h; path = "NSError+NSErrorExtensions.h"; sourceTree = "<group>"; };
		C4AC22B20F48F9A0EEB660AE /* LoadUserProtocol.h */ = {isa = PBXFileReference; fileEncoding = 4; lastKnownFileType = sourcecode.c.h; path = LoadUserProtocol.h; sourceTree = "<group>"; };
		C4AC23233C6C1A7552B74B7B /* FBLoginService.h */ = {isa = PBXFileReference; fileEncoding = 4; lastKnownFileType = sourcecode.c.h; path = FBLoginService.h; sourceTree = "<group>"; };
		C4AC24D5308376184A3B0F61 /* Constants.h */ = {isa = PBXFileReference; fileEncoding = 4; lastKnownFileType = sourcecode.c.h; path = Constants.h; sourceTree = "<group>"; };
		C4AC2677E78CAE36D9A7B7CD /* NSError+NSErrorExtensions.m */ = {isa = PBXFileReference; fileEncoding = 4; lastKnownFileType = sourcecode.c.objc; path = "NSError+NSErrorExtensions.m"; sourceTree = "<group>"; };
		C4AC2771EAA53666A241859D /* UserService.m */ = {isa = PBXFileReference; fileEncoding = 4; lastKnownFileType = sourcecode.c.objc; path = UserService.m; sourceTree = "<group>"; };
		C4AC288B837D0196541AC934 /* LoginProtocol.h */ = {isa = PBXFileReference; fileEncoding = 4; lastKnownFileType = sourcecode.c.h; path = LoginProtocol.h; sourceTree = "<group>"; };
		C4AC2A51112ADEF1B7DB1501 /* FBLoginService.m */ = {isa = PBXFileReference; fileEncoding = 4; lastKnownFileType = sourcecode.c.objc; path = FBLoginService.m; sourceTree = "<group>"; };
		C4AC2C8521FCE206473324D6 /* UserService.h */ = {isa = PBXFileReference; fileEncoding = 4; lastKnownFileType = sourcecode.c.h; path = UserService.h; sourceTree = "<group>"; };
		E3A4A49BFCE9420D9CB5E8EC /* Pods.xcconfig */ = {isa = PBXFileReference; includeInIndex = 1; lastKnownFileType = text.xcconfig; name = Pods.xcconfig; path = Pods/Pods.xcconfig; sourceTree = SOURCE_ROOT; };
/* End PBXFileReference section */

/* Begin PBXFrameworksBuildPhase section */
		4FE4AEF416A95080006E2915 /* Frameworks */ = {
			isa = PBXFrameworksBuildPhase;
			buildActionMask = 2147483647;
			files = (
				4F98554316B6984D00C35905 /* CoreLocation.framework in Frameworks */,
				4FE4AEFC16A95080006E2915 /* UIKit.framework in Frameworks */,
				4FE4AEFE16A95080006E2915 /* Foundation.framework in Frameworks */,
				4FE4AF0016A95080006E2915 /* CoreGraphics.framework in Frameworks */,
				D0CFD9E791E8450CAE0F1BA8 /* libPods.a in Frameworks */,
			);
			runOnlyForDeploymentPostprocessing = 0;
		};
		4FE4AF1A16A95080006E2915 /* Frameworks */ = {
			isa = PBXFrameworksBuildPhase;
			buildActionMask = 2147483647;
			files = (
				4FE4AF2016A95080006E2915 /* SenTestingKit.framework in Frameworks */,
				4FE4AF2116A95080006E2915 /* UIKit.framework in Frameworks */,
				4FE4AF2216A95080006E2915 /* Foundation.framework in Frameworks */,
			);
			runOnlyForDeploymentPostprocessing = 0;
		};
/* End PBXFrameworksBuildPhase section */

/* Begin PBXGroup section */
		4F7E95DB16CBA79A00C12A57 /* resources */ = {
			isa = PBXGroup;
			children = (
				4F7E95DC16CBA79A00C12A57 /* images */,
			);
			path = resources;
			sourceTree = "<group>";
		};
		4F7E95DC16CBA79A00C12A57 /* images */ = {
			isa = PBXGroup;
			children = (
				4F7E95E316CBAF8400C12A57 /* fb-login-button.png */,
				4F7E95E416CBAF8400C12A57 /* fb-login-button@2x.png */,
			);
			path = images;
			sourceTree = "<group>";
		};
		4FE4AEEC16A95080006E2915 = {
			isa = PBXGroup;
			children = (
				4F7E95DB16CBA79A00C12A57 /* resources */,
				4F98554216B6984D00C35905 /* CoreLocation.framework */,
				4FE4AF0116A95080006E2915 /* ambient */,
				4FE4AF2516A95080006E2915 /* ambientTests */,
				4FE4AEFA16A95080006E2915 /* Frameworks */,
				4FE4AEF816A95080006E2915 /* Products */,
				E3A4A49BFCE9420D9CB5E8EC /* Pods.xcconfig */,
			);
			sourceTree = "<group>";
		};
		4FE4AEF816A95080006E2915 /* Products */ = {
			isa = PBXGroup;
			children = (
				4FE4AEF716A95080006E2915 /* ambient.app */,
				4FE4AF1E16A95080006E2915 /* ambientTests.octest */,
			);
			name = Products;
			sourceTree = "<group>";
		};
		4FE4AEFA16A95080006E2915 /* Frameworks */ = {
			isa = PBXGroup;
			children = (
				4FE4AEFB16A95080006E2915 /* UIKit.framework */,
				4FE4AEFD16A95080006E2915 /* Foundation.framework */,
				4FE4AEFF16A95080006E2915 /* CoreGraphics.framework */,
				4FE4AF1F16A95080006E2915 /* SenTestingKit.framework */,
				B29B421EA5084931B85AF145 /* libPods.a */,
			);
			name = Frameworks;
			sourceTree = "<group>";
		};
		4FE4AF0116A95080006E2915 /* ambient */ = {
			isa = PBXGroup;
			children = (
				4FE4AF1316A95080006E2915 /* MainStoryboard.storyboard */,
				4FC416E516C90673000E54EE /* BootstrapViewController.h */,
				4FC416E616C90673000E54EE /* BootstrapViewController.m */,
				4FD2380916BABEBA00803C0F /* LoginViewController.h */,
				4FD2380A16BABEBA00803C0F /* LoginViewController.m */,
				4F14EEE516B0007100A25F35 /* NearbyTableViewController.h */,
				4F14EEE616B0007100A25F35 /* NearbyTableViewController.m */,
				4FE4AF0216A95080006E2915 /* Supporting Files */,
				C4AC2A51112ADEF1B7DB1501 /* FBLoginService.m */,
				C4AC23233C6C1A7552B74B7B /* FBLoginService.h */,
				C4AC2771EAA53666A241859D /* UserService.m */,
				C4AC2C8521FCE206473324D6 /* UserService.h */,
				C4AC288B837D0196541AC934 /* LoginProtocol.h */,
				C4AC22B20F48F9A0EEB660AE /* LoadUserProtocol.h */,
				C4AC24D5308376184A3B0F61 /* Constants.h */,
				C4AC20EC5F5456FFC644E2C0 /* NSError+NSErrorExtensions.h */,
				C4AC2677E78CAE36D9A7B7CD /* NSError+NSErrorExtensions.m */,
			);
			path = ambient;
			sourceTree = "<group>";
		};
		4FE4AF0216A95080006E2915 /* Supporting Files */ = {
			isa = PBXGroup;
			children = (
				4FE4AF0A16A95080006E2915 /* AppDelegate.h */,
				4FE4AF0B16A95080006E2915 /* AppDelegate.m */,
				4FE4AF0316A95080006E2915 /* ambient-Info.plist */,
				4FE4AF0416A95080006E2915 /* InfoPlist.strings */,
				4FE4AF0716A95080006E2915 /* main.m */,
				4FE4AF0916A95080006E2915 /* ambient-Prefix.pch */,
				4FE4AF0D16A95080006E2915 /* Default.png */,
				4FE4AF0F16A95080006E2915 /* Default@2x.png */,
				4FE4AF1116A95080006E2915 /* Default-568h@2x.png */,
			);
			name = "Supporting Files";
			sourceTree = "<group>";
		};
		4FE4AF2516A95080006E2915 /* ambientTests */ = {
			isa = PBXGroup;
			children = (
				4FE4AF2B16A95080006E2915 /* ambientTests.h */,
				4FE4AF2C16A95080006E2915 /* ambientTests.m */,
				4FE4AF2616A95080006E2915 /* Supporting Files */,
			);
			path = ambientTests;
			sourceTree = "<group>";
		};
		4FE4AF2616A95080006E2915 /* Supporting Files */ = {
			isa = PBXGroup;
			children = (
				4FE4AF2716A95080006E2915 /* ambientTests-Info.plist */,
				4FE4AF2816A95080006E2915 /* InfoPlist.strings */,
			);
			name = "Supporting Files";
			sourceTree = "<group>";
		};
/* End PBXGroup section */

/* Begin PBXNativeTarget section */
		4FE4AEF616A95080006E2915 /* ambient */ = {
			isa = PBXNativeTarget;
			buildConfigurationList = 4FE4AF3016A95080006E2915 /* Build configuration list for PBXNativeTarget "ambient" */;
			buildPhases = (
				4FE4AEF316A95080006E2915 /* Sources */,
				4FE4AEF416A95080006E2915 /* Frameworks */,
				4FE4AEF516A95080006E2915 /* Resources */,
				7621B9C7CA6C4979BBAA85C8 /* Copy Pods Resources */,
			);
			buildRules = (
			);
			dependencies = (
			);
			name = ambient;
			productName = ambient;
			productReference = 4FE4AEF716A95080006E2915 /* ambient.app */;
			productType = "com.apple.product-type.application";
		};
		4FE4AF1D16A95080006E2915 /* ambientTests */ = {
			isa = PBXNativeTarget;
			buildConfigurationList = 4FE4AF3316A95080006E2915 /* Build configuration list for PBXNativeTarget "ambientTests" */;
			buildPhases = (
				4FE4AF1916A95080006E2915 /* Sources */,
				4FE4AF1A16A95080006E2915 /* Frameworks */,
				4FE4AF1B16A95080006E2915 /* Resources */,
				4FE4AF1C16A95080006E2915 /* ShellScript */,
			);
			buildRules = (
			);
			dependencies = (
				4FE4AF2416A95080006E2915 /* PBXTargetDependency */,
			);
			name = ambientTests;
			productName = ambientTests;
			productReference = 4FE4AF1E16A95080006E2915 /* ambientTests.octest */;
			productType = "com.apple.product-type.bundle";
		};
/* End PBXNativeTarget section */

/* Begin PBXProject section */
		4FE4AEEE16A95080006E2915 /* Project object */ = {
			isa = PBXProject;
			attributes = {
				LastUpgradeCheck = 0450;
				ORGANIZATIONNAME = "Patric Fornasier";
			};
			buildConfigurationList = 4FE4AEF116A95080006E2915 /* Build configuration list for PBXProject "ambient" */;
			compatibilityVersion = "Xcode 3.2";
			developmentRegion = English;
			hasScannedForEncodings = 0;
			knownRegions = (
				en,
			);
			mainGroup = 4FE4AEEC16A95080006E2915;
			productRefGroup = 4FE4AEF816A95080006E2915 /* Products */;
			projectDirPath = "";
			projectRoot = "";
			targets = (
				4FE4AEF616A95080006E2915 /* ambient */,
				4FE4AF1D16A95080006E2915 /* ambientTests */,
			);
		};
/* End PBXProject section */

/* Begin PBXResourcesBuildPhase section */
		4FE4AEF516A95080006E2915 /* Resources */ = {
			isa = PBXResourcesBuildPhase;
			buildActionMask = 2147483647;
			files = (
				4FE4AF0616A95080006E2915 /* InfoPlist.strings in Resources */,
				4FE4AF0E16A95080006E2915 /* Default.png in Resources */,
				4FE4AF1016A95080006E2915 /* Default@2x.png in Resources */,
				4FE4AF1216A95080006E2915 /* Default-568h@2x.png in Resources */,
				4FE4AF1516A95080006E2915 /* MainStoryboard.storyboard in Resources */,
				C4AC239593DD4058FAB34BA7 /* Constants.h in Resources */,
				4F7E95E516CBAF8400C12A57 /* fb-login-button.png in Resources */,
				4F7E95E616CBAF8400C12A57 /* fb-login-button@2x.png in Resources */,
			);
			runOnlyForDeploymentPostprocessing = 0;
		};
		4FE4AF1B16A95080006E2915 /* Resources */ = {
			isa = PBXResourcesBuildPhase;
			buildActionMask = 2147483647;
			files = (
				4FE4AF2A16A95080006E2915 /* InfoPlist.strings in Resources */,
			);
			runOnlyForDeploymentPostprocessing = 0;
		};
/* End PBXResourcesBuildPhase section */

/* Begin PBXShellScriptBuildPhase section */
		4FE4AF1C16A95080006E2915 /* ShellScript */ = {
			isa = PBXShellScriptBuildPhase;
			buildActionMask = 2147483647;
			files = (
			);
			inputPaths = (
			);
			outputPaths = (
			);
			runOnlyForDeploymentPostprocessing = 0;
			shellPath = /bin/sh;
			shellScript = "# Run the unit tests in this test bundle.\n\"${SYSTEM_DEVELOPER_DIR}/Tools/RunUnitTests\"\n";
		};
		7621B9C7CA6C4979BBAA85C8 /* Copy Pods Resources */ = {
			isa = PBXShellScriptBuildPhase;
			buildActionMask = 2147483647;
			files = (
			);
			inputPaths = (
			);
			name = "Copy Pods Resources";
			outputPaths = (
			);
			runOnlyForDeploymentPostprocessing = 0;
			shellPath = /bin/sh;
			shellScript = "\"${SRCROOT}/Pods/Pods-resources.sh\"\n";
		};
/* End PBXShellScriptBuildPhase section */

/* Begin PBXSourcesBuildPhase section */
		4FE4AEF316A95080006E2915 /* Sources */ = {
			isa = PBXSourcesBuildPhase;
			buildActionMask = 2147483647;
			files = (
				4FE4AF0816A95080006E2915 /* main.m in Sources */,
				4FE4AF0C16A95080006E2915 /* AppDelegate.m in Sources */,
				4F14EEE716B0007100A25F35 /* NearbyTableViewController.m in Sources */,
				4FD2380B16BABEBA00803C0F /* LoginViewController.m in Sources */,
				4FC416E716C90673000E54EE /* BootstrapViewController.m in Sources */,
				C4AC2B5EE50087BBB4F29B61 /* FBLoginService.m in Sources */,
				C4AC2DBFCCE245446165FE5E /* UserService.m in Sources */,
				C4AC2FCF613906B5F73D7D7C /* NSError+NSErrorExtensions.m in Sources */,
			);
			runOnlyForDeploymentPostprocessing = 0;
		};
		4FE4AF1916A95080006E2915 /* Sources */ = {
			isa = PBXSourcesBuildPhase;
			buildActionMask = 2147483647;
			files = (
				4FE4AF2D16A95080006E2915 /* ambientTests.m in Sources */,
			);
			runOnlyForDeploymentPostprocessing = 0;
		};
/* End PBXSourcesBuildPhase section */

/* Begin PBXTargetDependency section */
		4FE4AF2416A95080006E2915 /* PBXTargetDependency */ = {
			isa = PBXTargetDependency;
			target = 4FE4AEF616A95080006E2915 /* ambient */;
			targetProxy = 4FE4AF2316A95080006E2915 /* PBXContainerItemProxy */;
		};
/* End PBXTargetDependency section */

/* Begin PBXVariantGroup section */
		4FE4AF0416A95080006E2915 /* InfoPlist.strings */ = {
			isa = PBXVariantGroup;
			children = (
				4FE4AF0516A95080006E2915 /* en */,
			);
			name = InfoPlist.strings;
			sourceTree = "<group>";
		};
		4FE4AF1316A95080006E2915 /* MainStoryboard.storyboard */ = {
			isa = PBXVariantGroup;
			children = (
				4FE4AF1416A95080006E2915 /* XMainStoryboard.storyboard */,
			);
			name = MainStoryboard.storyboard;
			sourceTree = "<group>";
		};
		4FE4AF2816A95080006E2915 /* InfoPlist.strings */ = {
			isa = PBXVariantGroup;
			children = (
				4FE4AF2916A95080006E2915 /* en */,
			);
			name = InfoPlist.strings;
			sourceTree = "<group>";
		};
/* End PBXVariantGroup section */

/* Begin XCBuildConfiguration section */
		4FE4AF2E16A95080006E2915 /* Debug */ = {
			isa = XCBuildConfiguration;
			buildSettings = {
				ALWAYS_SEARCH_USER_PATHS = NO;
				CLANG_CXX_LANGUAGE_STANDARD = "gnu++0x";
				CLANG_CXX_LIBRARY = "libc++";
				CLANG_ENABLE_OBJC_ARC = YES;
				CLANG_WARN_EMPTY_BODY = YES;
				CLANG_WARN__DUPLICATE_METHOD_MATCH = YES;
				"CODE_SIGN_IDENTITY[sdk=iphoneos*]" = "iPhone Developer";
				COPY_PHASE_STRIP = NO;
				GCC_C_LANGUAGE_STANDARD = gnu99;
				GCC_DYNAMIC_NO_PIC = NO;
				GCC_OPTIMIZATION_LEVEL = 0;
				GCC_PREPROCESSOR_DEFINITIONS = (
					"DEBUG=1",
					"$(inherited)",
				);
				GCC_SYMBOLS_PRIVATE_EXTERN = NO;
				GCC_WARN_ABOUT_RETURN_TYPE = YES;
				GCC_WARN_UNINITIALIZED_AUTOS = YES;
				GCC_WARN_UNUSED_VARIABLE = YES;
				IPHONEOS_DEPLOYMENT_TARGET = 6.0;
				ONLY_ACTIVE_ARCH = YES;
				SDKROOT = iphoneos;
			};
			name = Debug;
		};
		4FE4AF2F16A95080006E2915 /* Release */ = {
			isa = XCBuildConfiguration;
			buildSettings = {
				ALWAYS_SEARCH_USER_PATHS = NO;
				CLANG_CXX_LANGUAGE_STANDARD = "gnu++0x";
				CLANG_CXX_LIBRARY = "libc++";
				CLANG_ENABLE_OBJC_ARC = YES;
				CLANG_WARN_EMPTY_BODY = YES;
				CLANG_WARN__DUPLICATE_METHOD_MATCH = YES;
				"CODE_SIGN_IDENTITY[sdk=iphoneos*]" = "iPhone Developer";
				COPY_PHASE_STRIP = YES;
				GCC_C_LANGUAGE_STANDARD = gnu99;
				GCC_WARN_ABOUT_RETURN_TYPE = YES;
				GCC_WARN_UNINITIALIZED_AUTOS = YES;
				GCC_WARN_UNUSED_VARIABLE = YES;
				IPHONEOS_DEPLOYMENT_TARGET = 6.0;
				OTHER_CFLAGS = "-DNS_BLOCK_ASSERTIONS=1";
				SDKROOT = iphoneos;
				VALIDATE_PRODUCT = YES;
			};
			name = Release;
		};
		4FE4AF3116A95080006E2915 /* Debug */ = {
			isa = XCBuildConfiguration;
			baseConfigurationReference = E3A4A49BFCE9420D9CB5E8EC /* Pods.xcconfig */;
			buildSettings = {
				CODE_SIGN_IDENTITY = "iPhone Developer: Patric Fornasier (8LL6WV7NE6)";
				"CODE_SIGN_IDENTITY[sdk=iphoneos*]" = "iPhone Developer: Patric Fornasier (8LL6WV7NE6)";
				GCC_PRECOMPILE_PREFIX_HEADER = YES;
				GCC_PREFIX_HEADER = "ambient/ambient-Prefix.pch";
				INFOPLIST_FILE = "ambient/ambient-Info.plist";
				PRODUCT_NAME = "$(TARGET_NAME)";
				PROVISIONING_PROFILE = "83502415-A74D-44EF-9C08-83DDF08ABEE2";
				"PROVISIONING_PROFILE[sdk=iphoneos*]" = "83502415-A74D-44EF-9C08-83DDF08ABEE2";
				WRAPPER_EXTENSION = app;
			};
			name = Debug;
		};
		4FE4AF3216A95080006E2915 /* Release */ = {
			isa = XCBuildConfiguration;
			baseConfigurationReference = E3A4A49BFCE9420D9CB5E8EC /* Pods.xcconfig */;
			buildSettings = {
				CODE_SIGN_IDENTITY = "iPhone Developer: Patric Fornasier (8LL6WV7NE6)";
				"CODE_SIGN_IDENTITY[sdk=iphoneos*]" = "iPhone Developer: Patric Fornasier (8LL6WV7NE6)";
				GCC_PRECOMPILE_PREFIX_HEADER = YES;
				GCC_PREFIX_HEADER = "ambient/ambient-Prefix.pch";
				INFOPLIST_FILE = "ambient/ambient-Info.plist";
				PRODUCT_NAME = "$(TARGET_NAME)";
				PROVISIONING_PROFILE = "83502415-A74D-44EF-9C08-83DDF08ABEE2";
				"PROVISIONING_PROFILE[sdk=iphoneos*]" = "83502415-A74D-44EF-9C08-83DDF08ABEE2";
				WRAPPER_EXTENSION = app;
			};
			name = Release;
		};
		4FE4AF3416A95080006E2915 /* Debug */ = {
			isa = XCBuildConfiguration;
			buildSettings = {
				BUNDLE_LOADER = "$(BUILT_PRODUCTS_DIR)/ambient.app/ambient";
				FRAMEWORK_SEARCH_PATHS = (
					"\"$(SDKROOT)/Developer/Library/Frameworks\"",
					"\"$(DEVELOPER_LIBRARY_DIR)/Frameworks\"",
				);
				GCC_PRECOMPILE_PREFIX_HEADER = YES;
				GCC_PREFIX_HEADER = "ambient/ambient-Prefix.pch";
				INFOPLIST_FILE = "ambientTests/ambientTests-Info.plist";
				PRODUCT_NAME = "$(TARGET_NAME)";
				TEST_HOST = "$(BUNDLE_LOADER)";
				WRAPPER_EXTENSION = octest;
			};
			name = Debug;
		};
		4FE4AF3516A95080006E2915 /* Release */ = {
			isa = XCBuildConfiguration;
			buildSettings = {
				BUNDLE_LOADER = "$(BUILT_PRODUCTS_DIR)/ambient.app/ambient";
				FRAMEWORK_SEARCH_PATHS = (
					"\"$(SDKROOT)/Developer/Library/Frameworks\"",
					"\"$(DEVELOPER_LIBRARY_DIR)/Frameworks\"",
				);
				GCC_PRECOMPILE_PREFIX_HEADER = YES;
				GCC_PREFIX_HEADER = "ambient/ambient-Prefix.pch";
				INFOPLIST_FILE = "ambientTests/ambientTests-Info.plist";
				PRODUCT_NAME = "$(TARGET_NAME)";
				TEST_HOST = "$(BUNDLE_LOADER)";
				WRAPPER_EXTENSION = octest;
			};
			name = Release;
		};
/* End XCBuildConfiguration section */

/* Begin XCConfigurationList section */
		4FE4AEF116A95080006E2915 /* Build configuration list for PBXProject "ambient" */ = {
			isa = XCConfigurationList;
			buildConfigurations = (
				4FE4AF2E16A95080006E2915 /* Debug */,
				4FE4AF2F16A95080006E2915 /* Release */,
			);
			defaultConfigurationIsVisible = 0;
			defaultConfigurationName = Release;
		};
		4FE4AF3016A95080006E2915 /* Build configuration list for PBXNativeTarget "ambient" */ = {
			isa = XCConfigurationList;
			buildConfigurations = (
				4FE4AF3116A95080006E2915 /* Debug */,
				4FE4AF3216A95080006E2915 /* Release */,
			);
			defaultConfigurationIsVisible = 0;
			defaultConfigurationName = Release;
		};
		4FE4AF3316A95080006E2915 /* Build configuration list for PBXNativeTarget "ambientTests" */ = {
			isa = XCConfigurationList;
			buildConfigurations = (
				4FE4AF3416A95080006E2915 /* Debug */,
				4FE4AF3516A95080006E2915 /* Release */,
			);
			defaultConfigurationIsVisible = 0;
			defaultConfigurationName = Release;
		};
/* End XCConfigurationList section */
	};
	rootObject = 4FE4AEEE16A95080006E2915 /* Project object */;
}
